
Microsoft Visual Studio Solution File, Format Version 12.00
# Visual Studio Version 16
VisualStudioVersion = 16.0.31025.194
MinimumVisualStudioVersion = 10.0.40219.1
Project("{9A19103F-16F7-4668-BE54-9A1E7A4F7556}") = "SysmUM", "SysmUM.csproj", "{3B2663A3-B4C3-422F-B7C3-A047B38E8E8F}"
EndProject
Project("{9A19103F-16F7-4668-BE54-9A1E7A4F7556}") = "SysmumDataAccessLibrary", "..\SysmumDataAccessLibrary\SysmumDataAccessLibrary.csproj", "{D742522D-F96A-4114-9382-31BA1BA536D8}"
EndProject
Global
	GlobalSection(SolutionConfigurationPlatforms) = preSolution
		Debug|Any CPU = Debug|Any CPU
		Release|Any CPU = Release|Any CPU
	EndGlobalSection
	GlobalSection(ProjectConfigurationPlatforms) = postSolution
		{3B2663A3-B4C3-422F-B7C3-A047B38E8E8F}.Debug|Any CPU.ActiveCfg = Debug|Any CPU
		{3B2663A3-B4C3-422F-B7C3-A047B38E8E8F}.Debug|Any CPU.Build.0 = Debug|Any CPU
		{3B2663A3-B4C3-422F-B7C3-A047B38E8E8F}.Release|Any CPU.ActiveCfg = Release|Any CPU
		{3B2663A3-B4C3-422F-B7C3-A047B38E8E8F}.Release|Any CPU.Build.0 = Release|Any CPU
		{D742522D-F96A-4114-9382-31BA1BA536D8}.Debug|Any CPU.ActiveCfg = Debug|Any CPU
		{D742522D-F96A-4114-9382-31BA1BA536D8}.Debug|Any CPU.Build.0 = Debug|Any CPU
		{D742522D-F96A-4114-9382-31BA1BA536D8}.Release|Any CPU.ActiveCfg = Release|Any CPU
		{D742522D-F96A-4114-9382-31BA1BA536D8}.Release|Any CPU.Build.0 = Release|Any CPU
	EndGlobalSection
	GlobalSection(SolutionProperties) = preSolution
		HideSolutionNode = FALSE
	EndGlobalSection
	GlobalSection(ExtensibilityGlobals) = postSolution
		SolutionGuid = {E3FE57C6-251E-4CC8-9461-18531A2C0F31}
	EndGlobalSection
EndGlobal
